
Microsoft Visual Studio Solution File, Format Version 12.00
# Visual Studio Version 16
VisualStudioVersion = 16.0.30907.101
MinimumVisualStudioVersion = 10.0.40219.1
Project("{F184B08F-C81C-45F6-A57F-5ABD9991F28F}") = "RumorPropagation", "RumorPropagation\RumorPropagation.vbproj", "{AB986538-C3C0-42E8-8F2B-09B334D96F21}"
EndProject
Global
	GlobalSection(SolutionConfigurationPlatforms) = preSolution
		Debug|Any CPU = Debug|Any CPU
		Release|Any CPU = Release|Any CPU
	EndGlobalSection
	GlobalSection(ProjectConfigurationPlatforms) = postSolution
		{AB986538-C3C0-42E8-8F2B-09B334D96F21}.Debug|Any CPU.ActiveCfg = Debug|Any CPU
		{AB986538-C3C0-42E8-8F2B-09B334D96F21}.Debug|Any CPU.Build.0 = Debug|Any CPU
		{AB986538-C3C0-42E8-8F2B-09B334D96F21}.Release|Any CPU.ActiveCfg = Release|Any CPU
		{AB986538-C3C0-42E8-8F2B-09B334D96F21}.Release|Any CPU.Build.0 = Release|Any CPU
	EndGlobalSection
	GlobalSection(SolutionProperties) = preSolution
		HideSolutionNode = FALSE
	EndGlobalSection
	GlobalSection(ExtensibilityGlobals) = postSolution
		SolutionGuid = {38F100C8-53F7-4653-943F-E76528A30CEC}
	EndGlobalSection
EndGlobal
